
Microsoft Visual Studio Solution File, Format Version 12.00
# Visual Studio Version 17
VisualStudioVersion = 17.13.35825.156 d17.13
MinimumVisualStudioVersion = 10.0.40219.1
Project("{FAE04EC0-301F-11D3-BF4B-00C04F79EFBC}") = "AzureFTimer", "AzureFTimer.csproj", "{57263B35-9788-4A95-A845-BCF24B9D36F4}"
EndProject
Global
	GlobalSection(SolutionConfigurationPlatforms) = preSolution
		Debug|Any CPU = Debug|Any CPU
		Release|Any CPU = Release|Any CPU
	EndGlobalSection
	GlobalSection(ProjectConfigurationPlatforms) = postSolution
		{57263B35-9788-4A95-A845-BCF24B9D36F4}.Debug|Any CPU.ActiveCfg = Debug|Any CPU
		{57263B35-9788-4A95-A845-BCF24B9D36F4}.Debug|Any CPU.Build.0 = Debug|Any CPU
		{57263B35-9788-4A95-A845-BCF24B9D36F4}.Release|Any CPU.ActiveCfg = Release|Any CPU
		{57263B35-9788-4A95-A845-BCF24B9D36F4}.Release|Any CPU.Build.0 = Release|Any CPU
	EndGlobalSection
	GlobalSection(SolutionProperties) = preSolution
		HideSolutionNode = FALSE
	EndGlobalSection
	GlobalSection(ExtensibilityGlobals) = postSolution
		SolutionGuid = {3B503ECC-19EC-49AB-8547-563E31280012}
	EndGlobalSection
EndGlobal
